{
  "name": "polycode",
  "version": "0.0.0",
  "lockfileVersion": 1,
  "requires": true,
  "dependencies": {
    "filbert": {
      "version": "0.1.20",
      "resolved": "https://registry.npmjs.org/filbert/-/filbert-0.1.20.tgz",
      "integrity": "sha1-bji2z0Ts4xp9zwKtwfomZj3+lkg=",
      "dev": true
    },
    "unicode-11.0.0": {
      "version": "0.7.7",
      "resolved": "https://registry.npmjs.org/unicode-11.0.0/-/unicode-11.0.0-0.7.7.tgz",
      "integrity": "sha512-tDJAEtetYmXOQh3z9XrOeVf6Uds5B1LTALw4I/id5jaSOHygf/5TjqYgnjASoLQqTUtJ1uReFWIkl+EVIEOn8Q==",
      "dev": true
    }
  }
}
